
Microsoft Visual Studio Solution File, Format Version 12.00
# Visual Studio Version 17
VisualStudioVersion = 17.14.36518.9 d17.14
MinimumVisualStudioVersion = 10.0.40219.1
Project("{FAE04EC0-301F-11D3-BF4B-00C04F79EFBC}") = "AWS-EC2-Word-to-PDF", "AWS-EC2-Word-to-PDF.csproj", "{027B699F-8D98-46ED-9454-ADF9A4294819}"
EndProject
Global
	GlobalSection(SolutionConfigurationPlatforms) = preSolution
		Debug|Any CPU = Debug|Any CPU
		Release|Any CPU = Release|Any CPU
	EndGlobalSection
	GlobalSection(ProjectConfigurationPlatforms) = postSolution
		{027B699F-8D98-46ED-9454-ADF9A4294819}.Debug|Any CPU.ActiveCfg = Debug|Any CPU
		{027B699F-8D98-46ED-9454-ADF9A4294819}.Debug|Any CPU.Build.0 = Debug|Any CPU
		{027B699F-8D98-46ED-9454-ADF9A4294819}.Release|Any CPU.ActiveCfg = Release|Any CPU
		{027B699F-8D98-46ED-9454-ADF9A4294819}.Release|Any CPU.Build.0 = Release|Any CPU
	EndGlobalSection
	GlobalSection(SolutionProperties) = preSolution
		HideSolutionNode = FALSE
	EndGlobalSection
	GlobalSection(ExtensibilityGlobals) = postSolution
		SolutionGuid = {318CBC8F-46C3-49B8-AC73-E1FEB0B5F6CF}
	EndGlobalSection
EndGlobal
